
Microsoft Visual Studio Solution File, Format Version 12.00
# Visual Studio Version 17
VisualStudioVersion = 17.0.31903.59
MinimumVisualStudioVersion = 10.0.40219.1
Project("{2150E333-8FDC-42A3-9474-1A3956D46DE8}") = "src", "src", "{AF654A96-AAD4-46B7-9928-34D0A66574DE}"
EndProject
Project("{FAE04EC0-301F-11D3-BF4B-00C04F79EFBC}") = "LiveSplit.Splits", "src\LiveSplit.Splits\LiveSplit.Splits.csproj", "{EF869057-A3BB-4431-87C4-EFDBF824A328}"
EndProject
Global
	GlobalSection(SolutionConfigurationPlatforms) = preSolution
		Debug|Any CPU = Debug|Any CPU
		Release|Any CPU = Release|Any CPU
	EndGlobalSection
	GlobalSection(SolutionProperties) = preSolution
		HideSolutionNode = FALSE
	EndGlobalSection
	GlobalSection(ProjectConfigurationPlatforms) = postSolution
		{EF869057-A3BB-4431-87C4-EFDBF824A328}.Debug|Any CPU.ActiveCfg = Debug|Any CPU
		{EF869057-A3BB-4431-87C4-EFDBF824A328}.Debug|Any CPU.Build.0 = Debug|Any CPU
		{EF869057-A3BB-4431-87C4-EFDBF824A328}.Release|Any CPU.ActiveCfg = Release|Any CPU
		{EF869057-A3BB-4431-87C4-EFDBF824A328}.Release|Any CPU.Build.0 = Release|Any CPU
	EndGlobalSection
	GlobalSection(NestedProjects) = preSolution
		{EF869057-A3BB-4431-87C4-EFDBF824A328} = {AF654A96-AAD4-46B7-9928-34D0A66574DE}
	EndGlobalSection
EndGlobal
